// !$*UTF8*$!
{
	archiveVersion = 1;
	classes = {
	};
	objectVersion = 46;
	objects = {

/* Begin PBXBuildFile section */
		4DD65D9C1F2693D7009B264A /* AppDelegate.swift in Sources */ = {isa = PBXBuildFile; fileRef = 4DD65D9B1F2693D7009B264A /* AppDelegate.swift */; };
		4DD65DA11F2693D7009B264A /* Main.storyboard in Resources */ = {isa = PBXBuildFile; fileRef = 4DD65D9F1F2693D7009B264A /* Main.storyboard */; };
		4DD65DA31F2693D7009B264A /* Assets.xcassets in Resources */ = {isa = PBXBuildFile; fileRef = 4DD65DA21F2693D7009B264A /* Assets.xcassets */; };
		4DD65DA61F2693D7009B264A /* LaunchScreen.storyboard in Resources */ = {isa = PBXBuildFile; fileRef = 4DD65DA41F2693D7009B264A /* LaunchScreen.storyboard */; };
		4DD65DB01F269937009B264A /* AlarmListTableViewController.swift in Sources */ = {isa = PBXBuildFile; fileRef = 4DD65DAF1F269937009B264A /* AlarmListTableViewController.swift */; };
		4DD65DB21F269A00009B264A /* AlarmDetailTableViewController.swift in Sources */ = {isa = PBXBuildFile; fileRef = 4DD65DB11F269A00009B264A /* AlarmDetailTableViewController.swift */; };
		4DD65DB41F269BA5009B264A /* SwitchTableViewCell.swift in Sources */ = {isa = PBXBuildFile; fileRef = 4DD65DB31F269BA5009B264A /* SwitchTableViewCell.swift */; };
		4DD65DB61F26A16A009B264A /* Alarm.swift in Sources */ = {isa = PBXBuildFile; fileRef = 4DD65DB51F26A16A009B264A /* Alarm.swift */; };
		4DD65DB81F26A171009B264A /* DateHelper.swift in Sources */ = {isa = PBXBuildFile; fileRef = 4DD65DB71F26A171009B264A /* DateHelper.swift */; };
		4DD65DBA1F26A249009B264A /* AlarmController.swift in Sources */ = {isa = PBXBuildFile; fileRef = 4DD65DB91F26A249009B264A /* AlarmController.swift */; };
/* End PBXBuildFile section */

/* Begin PBXFileReference section */
		4DD65D981F2693D7009B264A /* AlarmApp.app */ = {isa = PBXFileReference; explicitFileType = wrapper.application; includeInIndex = 0; path = AlarmApp.app; sourceTree = BUILT_PRODUCTS_DIR; };
		4DD65D9B1F2693D7009B264A /* AppDelegate.swift */ = {isa = PBXFileReference; lastKnownFileType = sourcecode.swift; path = AppDelegate.swift; sourceTree = "<group>"; };
		4DD65DA01F2693D7009B264A /* Base */ = {isa = PBXFileReference; lastKnownFileType = file.storyboard; name = Base; path = Base.lproj/Main.storyboard; sourceTree = "<group>"; };
		4DD65DA21F2693D7009B264A /* Assets.xcassets */ = {isa = PBXFileReference; lastKnownFileType = folder.assetcatalog; path = Assets.xcassets; sourceTree = "<group>"; };
		4DD65DA51F2693D7009B264A /* Base */ = {isa = PBXFileReference; lastKnownFileType = file.storyboard; name = Base; path = Base.lproj/LaunchScreen.storyboard; sourceTree = "<group>"; };
		4DD65DA71F2693D7009B264A /* Info.plist */ = {isa = PBXFileReference; lastKnownFileType = text.plist.xml; path = Info.plist; sourceTree = "<group>"; };
		4DD65DAF1F269937009B264A /* AlarmListTableViewController.swift */ = {isa = PBXFileReference; fileEncoding = 4; lastKnownFileType = sourcecode.swift; path = AlarmListTableViewController.swift; sourceTree = "<group>"; };
		4DD65DB11F269A00009B264A /* AlarmDetailTableViewController.swift */ = {isa = PBXFileReference; fileEncoding = 4; lastKnownFileType = sourcecode.swift; path = AlarmDetailTableViewController.swift; sourceTree = "<group>"; };
		4DD65DB31F269BA5009B264A /* SwitchTableViewCell.swift */ = {isa = PBXFileReference; fileEncoding = 4; lastKnownFileType = sourcecode.swift; path = SwitchTableViewCell.swift; sourceTree = "<group>"; };
		4DD65DB51F26A16A009B264A /* Alarm.swift */ = {isa = PBXFileReference; fileEncoding = 4; lastKnownFileType = sourcecode.swift; path = Alarm.swift; sourceTree = "<group>"; };
		4DD65DB71F26A171009B264A /* DateHelper.swift */ = {isa = PBXFileReference; fileEncoding = 4; lastKnownFileType = sourcecode.swift; path = DateHelper.swift; sourceTree = "<group>"; };
		4DD65DB91F26A249009B264A /* AlarmController.swift */ = {isa = PBXFileReference; fileEncoding = 4; lastKnownFileType = sourcecode.swift; path = AlarmController.swift; sourceTree = "<group>"; };
/* End PBXFileReference section */

/* Begin PBXFrameworksBuildPhase section */
		4DD65D951F2693D7009B264A /* Frameworks */ = {
			isa = PBXFrameworksBuildPhase;
			buildActionMask = 2147483647;
			files = (
			);
			runOnlyForDeploymentPostprocessing = 0;
		};
/* End PBXFrameworksBuildPhase section */

/* Begin PBXGroup section */
		4DD65D8F1F2693D7009B264A = {
			isa = PBXGroup;
			children = (
				4DD65D9A1F2693D7009B264A /* AlarmApp */,
				4DD65D991F2693D7009B264A /* Products */,
			);
			sourceTree = "<group>";
		};
		4DD65D991F2693D7009B264A /* Products */ = {
			isa = PBXGroup;
			children = (
				4DD65D981F2693D7009B264A /* AlarmApp.app */,
			);
			name = Products;
			sourceTree = "<group>";
		};
		4DD65D9A1F2693D7009B264A /* AlarmApp */ = {
			isa = PBXGroup;
			children = (
				4DD65DB51F26A16A009B264A /* Alarm.swift */,
				4DD65DB91F26A249009B264A /* AlarmController.swift */,
				4DD65D9B1F2693D7009B264A /* AppDelegate.swift */,
				4DD65DB71F26A171009B264A /* DateHelper.swift */,
				4DD65DAD1F2693EB009B264A /* Resources */,
				4DD65DB31F269BA5009B264A /* SwitchTableViewCell.swift */,
				4DD65DAE1F2693F3009B264A /* UI */,
			);
			path = AlarmApp;
			sourceTree = "<group>";
		};
		4DD65DAD1F2693EB009B264A /* Resources */ = {
			isa = PBXGroup;
			children = (
				4DD65DA21F2693D7009B264A /* Assets.xcassets */,
				4DD65DA41F2693D7009B264A /* LaunchScreen.storyboard */,
				4DD65DA71F2693D7009B264A /* Info.plist */,
			);
			name = Resources;
			sourceTree = "<group>";
		};
		4DD65DAE1F2693F3009B264A /* UI */ = {
			isa = PBXGroup;
			children = (
				4DD65D9F1F2693D7009B264A /* Main.storyboard */,
				4DD65DAF1F269937009B264A /* AlarmListTableViewController.swift */,
				4DD65DB11F269A00009B264A /* AlarmDetailTableViewController.swift */,
			);
			name = UI;
			sourceTree = "<group>";
		};
/* End PBXGroup section */

/* Begin PBXNativeTarget section */
		4DD65D971F2693D7009B264A /* AlarmApp */ = {
			isa = PBXNativeTarget;
			buildConfigurationList = 4DD65DAA1F2693D7009B264A /* Build configuration list for PBXNativeTarget "AlarmApp" */;
			buildPhases = (
				4DD65D941F2693D7009B264A /* Sources */,
				4DD65D951F2693D7009B264A /* Frameworks */,
				4DD65D961F2693D7009B264A /* Resources */,
			);
			buildRules = (
			);
			dependencies = (
			);
			name = AlarmApp;
			productName = AlarmApp;
			productReference = 4DD65D981F2693D7009B264A /* AlarmApp.app */;
			productType = "com.apple.product-type.application";
		};
/* End PBXNativeTarget section */

/* Begin PBXProject section */
		4DD65D901F2693D7009B264A /* Project object */ = {
			isa = PBXProject;
			attributes = {
				LastSwiftUpdateCheck = 0830;
				LastUpgradeCheck = 0830;
				ORGANIZATIONNAME = "One Round Technology";
				TargetAttributes = {
					4DD65D971F2693D7009B264A = {
						CreatedOnToolsVersion = 8.3.3;
						DevelopmentTeam = ZD63VKN8QT;
						ProvisioningStyle = Automatic;
					};
				};
			};
			buildConfigurationList = 4DD65D931F2693D7009B264A /* Build configuration list for PBXProject "AlarmApp" */;
			compatibilityVersion = "Xcode 3.2";
			developmentRegion = English;
			hasScannedForEncodings = 0;
			knownRegions = (
				en,
				Base,
			);
			mainGroup = 4DD65D8F1F2693D7009B264A;
			productRefGroup = 4DD65D991F2693D7009B264A /* Products */;
			projectDirPath = "";
			projectRoot = "";
			targets = (
				4DD65D971F2693D7009B264A /* AlarmApp */,
			);
		};
/* End PBXProject section */

/* Begin PBXResourcesBuildPhase section */
		4DD65D961F2693D7009B264A /* Resources */ = {
			isa = PBXResourcesBuildPhase;
			buildActionMask = 2147483647;
			files = (
				4DD65DA61F2693D7009B264A /* LaunchScreen.storyboard in Resources */,
				4DD65DA31F2693D7009B264A /* Assets.xcassets in Resources */,
				4DD65DA11F2693D7009B264A /* Main.storyboard in Resources */,
			);
			runOnlyForDeploymentPostprocessing = 0;
		};
/* End PBXResourcesBuildPhase section */

/* Begin PBXSourcesBuildPhase section */
		4DD65D941F2693D7009B264A /* Sources */ = {
			isa = PBXSourcesBuildPhase;
			buildActionMask = 2147483647;
			files = (
				4DD65DB21F269A00009B264A /* AlarmDetailTableViewController.swift in Sources */,
				4DD65DB41F269BA5009B264A /* SwitchTableViewCell.swift in Sources */,
				4DD65DB61F26A16A009B264A /* Alarm.swift in Sources */,
				4DD65DB81F26A171009B264A /* DateHelper.swift in Sources */,
				4DD65DB01F269937009B264A /* AlarmListTableViewController.swift in Sources */,
				4DD65D9C1F2693D7009B264A /* AppDelegate.swift in Sources */,
				4DD65DBA1F26A249009B264A /* AlarmController.swift in Sources */,
			);
			runOnlyForDeploymentPostprocessing = 0;
		};
/* End PBXSourcesBuildPhase section */

/* Begin PBXVariantGroup section */
		4DD65D9F1F2693D7009B264A /* Main.storyboard */ = {
			isa = PBXVariantGroup;
			children = (
				4DD65DA01F2693D7009B264A /* Base */,
			);
			name = Main.storyboard;
			sourceTree = "<group>";
		};
		4DD65DA41F2693D7009B264A /* LaunchScreen.storyboard */ = {
			isa = PBXVariantGroup;
			children = (
				4DD65DA51F2693D7009B264A /* Base */,
			);
			name = LaunchScreen.storyboard;
			sourceTree = "<group>";
		};
/* End PBXVariantGroup section */

/* Begin XCBuildConfiguration section */
		4DD65DA81F2693D7009B264A /* Debug */ = {
			isa = XCBuildConfiguration;
			buildSettings = {
				ALWAYS_SEARCH_USER_PATHS = NO;
				CLANG_ANALYZER_NONNULL = YES;
				CLANG_ANALYZER_NUMBER_OBJECT_CONVERSION = YES_AGGRESSIVE;
				CLANG_CXX_LANGUAGE_STANDARD = "gnu++0x";
				CLANG_CXX_LIBRARY = "libc++";
				CLANG_ENABLE_MODULES = YES;
				CLANG_ENABLE_OBJC_ARC = YES;
				CLANG_WARN_BOOL_CONVERSION = YES;
				CLANG_WARN_CONSTANT_CONVERSION = YES;
				CLANG_WARN_DIRECT_OBJC_ISA_USAGE = YES_ERROR;
				CLANG_WARN_DOCUMENTATION_COMMENTS = YES;
				CLANG_WARN_EMPTY_BODY = YES;
				CLANG_WARN_ENUM_CONVERSION = YES;
				CLANG_WARN_INFINITE_RECURSION = YES;
				CLANG_WARN_INT_CONVERSION = YES;
				CLANG_WARN_OBJC_ROOT_CLASS = YES_ERROR;
				CLANG_WARN_SUSPICIOUS_MOVE = YES;
				CLANG_WARN_UNREACHABLE_CODE = YES;
				CLANG_WARN__DUPLICATE_METHOD_MATCH = YES;
				"CODE_SIGN_IDENTITY[sdk=iphoneos*]" = "iPhone Developer";
				COPY_PHASE_STRIP = NO;
				DEBUG_INFORMATION_FORMAT = dwarf;
				ENABLE_STRICT_OBJC_MSGSEND = YES;
				ENABLE_TESTABILITY = YES;
				GCC_C_LANGUAGE_STANDARD = gnu99;
				GCC_DYNAMIC_NO_PIC = NO;
				GCC_NO_COMMON_BLOCKS = YES;
				GCC_OPTIMIZATION_LEVEL = 0;
				GCC_PREPROCESSOR_DEFINITIONS = (
					"DEBUG=1",
					"$(inherited)",
				);
				GCC_WARN_64_TO_32_BIT_CONVERSION = YES;
				GCC_WARN_ABOUT_RETURN_TYPE = YES_ERROR;
				GCC_WARN_UNDECLARED_SELECTOR = YES;
				GCC_WARN_UNINITIALIZED_AUTOS = YES_AGGRESSIVE;
				GCC_WARN_UNUSED_FUNCTION = YES;
				GCC_WARN_UNUSED_VARIABLE = YES;
				IPHONEOS_DEPLOYMENT_TARGET = 10.3;
				MTL_ENABLE_DEBUG_INFO = YES;
				ONLY_ACTIVE_ARCH = YES;
				SDKROOT = iphoneos;
				SWIFT_ACTIVE_COMPILATION_CONDITIONS = DEBUG;
				SWIFT_OPTIMIZATION_LEVEL = "-Onone";
				TARGETED_DEVICE_FAMILY = "1,2";
			};
			name = Debug;
		};
		4DD65DA91F2693D7009B264A /* Release */ = {
			isa = XCBuildConfiguration;
			buildSettings = {
				ALWAYS_SEARCH_USER_PATHS = NO;
				CLANG_ANALYZER_NONNULL = YES;
				CLANG_ANALYZER_NUMBER_OBJECT_CONVERSION = YES_AGGRESSIVE;
				CLANG_CXX_LANGUAGE_STANDARD = "gnu++0x";
				CLANG_CXX_LIBRARY = "libc++";
				CLANG_ENABLE_MODULES = YES;
				CLANG_ENABLE_OBJC_ARC = YES;
				CLANG_WARN_BOOL_CONVERSION = YES;
				CLANG_WARN_CONSTANT_CONVERSION = YES;
				CLANG_WARN_DIRECT_OBJC_ISA_USAGE = YES_ERROR;
				CLANG_WARN_DOCUMENTATION_COMMENTS = YES;
				CLANG_WARN_EMPTY_BODY = YES;
				CLANG_WARN_ENUM_CONVERSION = YES;
				CLANG_WARN_INFINITE_RECURSION = YES;
				CLANG_WARN_INT_CONVERSION = YES;
				CLANG_WARN_OBJC_ROOT_CLASS = YES_ERROR;
				CLANG_WARN_SUSPICIOUS_MOVE = YES;
				CLANG_WARN_UNREACHABLE_CODE = YES;
				CLANG_WARN__DUPLICATE_METHOD_MATCH = YES;
				"CODE_SIGN_IDENTITY[sdk=iphoneos*]" = "iPhone Developer";
				COPY_PHASE_STRIP = NO;
				DEBUG_INFORMATION_FORMAT = "dwarf-with-dsym";
				ENABLE_NS_ASSERTIONS = NO;
				ENABLE_STRICT_OBJC_MSGSEND = YES;
				GCC_C_LANGUAGE_STANDARD = gnu99;
				GCC_NO_COMMON_BLOCKS = YES;
				GCC_WARN_64_TO_32_BIT_CONVERSION = YES;
				GCC_WARN_ABOUT_RETURN_TYPE = YES_ERROR;
				GCC_WARN_UNDECLARED_SELECTOR = YES;
				GCC_WARN_UNINITIALIZED_AUTOS = YES_AGGRESSIVE;
				GCC_WARN_UNUSED_FUNCTION = YES;
				GCC_WARN_UNUSED_VARIABLE = YES;
				IPHONEOS_DEPLOYMENT_TARGET = 10.3;
				MTL_ENABLE_DEBUG_INFO = NO;
				SDKROOT = iphoneos;
				SWIFT_OPTIMIZATION_LEVEL = "-Owholemodule";
				TARGETED_DEVICE_FAMILY = "1,2";
				VALIDATE_PRODUCT = YES;
			};
			name = Release;
		};
		4DD65DAB1F2693D7009B264A /* Debug */ = {
			isa = XCBuildConfiguration;
			buildSettings = {
				ASSETCATALOG_COMPILER_APPICON_NAME = AppIcon;
				DEVELOPMENT_TEAM = ZD63VKN8QT;
				INFOPLIST_FILE = AlarmApp/Info.plist;
				LD_RUNPATH_SEARCH_PATHS = "$(inherited) @executable_path/Frameworks";
				PRODUCT_BUNDLE_IDENTIFIER = com.OneRoundTechnology.AlarmApp;
				PRODUCT_NAME = "$(TARGET_NAME)";
				SWIFT_VERSION = 3.0;
			};
			name = Debug;
		};
		4DD65DAC1F2693D7009B264A /* Release */ = {
			isa = XCBuildConfiguration;
			buildSettings = {
				ASSETCATALOG_COMPILER_APPICON_NAME = AppIcon;
				DEVELOPMENT_TEAM = ZD63VKN8QT;
				INFOPLIST_FILE = AlarmApp/Info.plist;
				LD_RUNPATH_SEARCH_PATHS = "$(inherited) @executable_path/Frameworks";
				PRODUCT_BUNDLE_IDENTIFIER = com.OneRoundTechnology.AlarmApp;
				PRODUCT_NAME = "$(TARGET_NAME)";
				SWIFT_VERSION = 3.0;
			};
			name = Release;
		};
/* End XCBuildConfiguration section */

/* Begin XCConfigurationList section */
		4DD65D931F2693D7009B264A /* Build configuration list for PBXProject "AlarmApp" */ = {
			isa = XCConfigurationList;
			buildConfigurations = (
				4DD65DA81F2693D7009B264A /* Debug */,
				4DD65DA91F2693D7009B264A /* Release */,
			);
			defaultConfigurationIsVisible = 0;
			defaultConfigurationName = Release;
		};
		4DD65DAA1F2693D7009B264A /* Build configuration list for PBXNativeTarget "AlarmApp" */ = {
			isa = XCConfigurationList;
			buildConfigurations = (
				4DD65DAB1F2693D7009B264A /* Debug */,
				4DD65DAC1F2693D7009B264A /* Release */,
			);
			defaultConfigurationIsVisible = 0;
			defaultConfigurationName = Release;
		};
/* End XCConfigurationList section */
	};
	rootObject = 4DD65D901F2693D7009B264A /* Project object */;
}
